// !$*UTF8*$!
{
	archiveVersion = 1;
	classes = {
	};
	objectVersion = 55;
	objects = {

/* Begin PBXBuildFile section */
		15536E5327F4FAB200D6707A /* PhilanthrofeedApp.swift in Sources */ = {isa = PBXBuildFile; fileRef = 15536E5227F4FAB200D6707A /* PhilanthrofeedApp.swift */; };
		15536E5527F4FAB200D6707A /* ContentView.swift in Sources */ = {isa = PBXBuildFile; fileRef = 15536E5427F4FAB200D6707A /* ContentView.swift */; };
		15536E5727F4FAB400D6707A /* Assets.xcassets in Resources */ = {isa = PBXBuildFile; fileRef = 15536E5627F4FAB400D6707A /* Assets.xcassets */; };
		15536E5A27F4FAB400D6707A /* Preview Assets.xcassets in Resources */ = {isa = PBXBuildFile; fileRef = 15536E5927F4FAB400D6707A /* Preview Assets.xcassets */; };
		15536E6427F4FAB400D6707A /* PhilanthrofeedTests.swift in Sources */ = {isa = PBXBuildFile; fileRef = 15536E6327F4FAB400D6707A /* PhilanthrofeedTests.swift */; };
		15536E6E27F4FAB400D6707A /* PhilanthrofeedUITests.swift in Sources */ = {isa = PBXBuildFile; fileRef = 15536E6D27F4FAB400D6707A /* PhilanthrofeedUITests.swift */; };
		15536E7027F4FAB400D6707A /* PhilanthrofeedUITestsLaunchTests.swift in Sources */ = {isa = PBXBuildFile; fileRef = 15536E6F27F4FAB400D6707A /* PhilanthrofeedUITestsLaunchTests.swift */; };
		15A8D9E127F5487D00573AE2 /* LoginView.swift in Sources */ = {isa = PBXBuildFile; fileRef = 15A8D9E027F5487C00573AE2 /* LoginView.swift */; };
		31645D5028020BE400A219B4 /* FeedView.swift in Sources */ = {isa = PBXBuildFile; fileRef = 31645D4F28020BE400A219B4 /* FeedView.swift */; };
		31645D522802127E00A219B4 /* ProfileView.swift in Sources */ = {isa = PBXBuildFile; fileRef = 31645D512802127E00A219B4 /* ProfileView.swift */; };
		31645D54280212DA00A219B4 /* CameraView.swift in Sources */ = {isa = PBXBuildFile; fileRef = 31645D53280212DA00A219B4 /* CameraView.swift */; };
		4E2CE862AF0224448BEACEFE /* Pods_Philanthrofeed.framework in Frameworks */ = {isa = PBXBuildFile; fileRef = B0CE2418DB5D9DC0CF257AE4 /* Pods_Philanthrofeed.framework */; };
		8E70F312CAC8D4C46BDBE88B /* Pods_PhilanthrofeedTests.framework in Frameworks */ = {isa = PBXBuildFile; fileRef = 538FF500CF115DFC989282F8 /* Pods_PhilanthrofeedTests.framework */; };
		DD3A81560C6627F6B83FDC65 /* Pods_Philanthrofeed_PhilanthrofeedUITests.framework in Frameworks */ = {isa = PBXBuildFile; fileRef = E4F92681B664A1C59CF09B98 /* Pods_Philanthrofeed_PhilanthrofeedUITests.framework */; };
/* End PBXBuildFile section */

/* Begin PBXContainerItemProxy section */
		15536E6027F4FAB400D6707A /* PBXContainerItemProxy */ = {
			isa = PBXContainerItemProxy;
			containerPortal = 15536E4727F4FAB200D6707A /* Project object */;
			proxyType = 1;
			remoteGlobalIDString = 15536E4E27F4FAB200D6707A;
			remoteInfo = Philanthrofeed;
		};
		15536E6A27F4FAB400D6707A /* PBXContainerItemProxy */ = {
			isa = PBXContainerItemProxy;
			containerPortal = 15536E4727F4FAB200D6707A /* Project object */;
			proxyType = 1;
			remoteGlobalIDString = 15536E4E27F4FAB200D6707A;
			remoteInfo = Philanthrofeed;
		};
/* End PBXContainerItemProxy section */

/* Begin PBXFileReference section */
		116939CBDEFAC8680B523007 /* Pods-Philanthrofeed.debug.xcconfig */ = {isa = PBXFileReference; includeInIndex = 1; lastKnownFileType = text.xcconfig; name = "Pods-Philanthrofeed.debug.xcconfig"; path = "Target Support Files/Pods-Philanthrofeed/Pods-Philanthrofeed.debug.xcconfig"; sourceTree = "<group>"; };
		15536E4F27F4FAB200D6707A /* Philanthrofeed.app */ = {isa = PBXFileReference; explicitFileType = wrapper.application; includeInIndex = 0; path = Philanthrofeed.app; sourceTree = BUILT_PRODUCTS_DIR; };
		15536E5227F4FAB200D6707A /* PhilanthrofeedApp.swift */ = {isa = PBXFileReference; lastKnownFileType = sourcecode.swift; path = PhilanthrofeedApp.swift; sourceTree = "<group>"; };
		15536E5427F4FAB200D6707A /* ContentView.swift */ = {isa = PBXFileReference; lastKnownFileType = sourcecode.swift; path = ContentView.swift; sourceTree = "<group>"; };
		15536E5627F4FAB400D6707A /* Assets.xcassets */ = {isa = PBXFileReference; lastKnownFileType = folder.assetcatalog; path = Assets.xcassets; sourceTree = "<group>"; };
		15536E5927F4FAB400D6707A /* Preview Assets.xcassets */ = {isa = PBXFileReference; lastKnownFileType = folder.assetcatalog; path = "Preview Assets.xcassets"; sourceTree = "<group>"; };
		15536E5F27F4FAB400D6707A /* PhilanthrofeedTests.xctest */ = {isa = PBXFileReference; explicitFileType = wrapper.cfbundle; includeInIndex = 0; path = PhilanthrofeedTests.xctest; sourceTree = BUILT_PRODUCTS_DIR; };
		15536E6327F4FAB400D6707A /* PhilanthrofeedTests.swift */ = {isa = PBXFileReference; lastKnownFileType = sourcecode.swift; path = PhilanthrofeedTests.swift; sourceTree = "<group>"; };
		15536E6927F4FAB400D6707A /* PhilanthrofeedUITests.xctest */ = {isa = PBXFileReference; explicitFileType = wrapper.cfbundle; includeInIndex = 0; path = PhilanthrofeedUITests.xctest; sourceTree = BUILT_PRODUCTS_DIR; };
		15536E6D27F4FAB400D6707A /* PhilanthrofeedUITests.swift */ = {isa = PBXFileReference; lastKnownFileType = sourcecode.swift; path = PhilanthrofeedUITests.swift; sourceTree = "<group>"; };
		15536E6F27F4FAB400D6707A /* PhilanthrofeedUITestsLaunchTests.swift */ = {isa = PBXFileReference; lastKnownFileType = sourcecode.swift; path = PhilanthrofeedUITestsLaunchTests.swift; sourceTree = "<group>"; };
		15A8D9E027F5487C00573AE2 /* LoginView.swift */ = {isa = PBXFileReference; lastKnownFileType = sourcecode.swift; path = LoginView.swift; sourceTree = "<group>"; };
		31645D4F28020BE400A219B4 /* FeedView.swift */ = {isa = PBXFileReference; lastKnownFileType = sourcecode.swift; path = FeedView.swift; sourceTree = "<group>"; };
		31645D512802127E00A219B4 /* ProfileView.swift */ = {isa = PBXFileReference; lastKnownFileType = sourcecode.swift; path = ProfileView.swift; sourceTree = "<group>"; };
		31645D53280212DA00A219B4 /* CameraView.swift */ = {isa = PBXFileReference; lastKnownFileType = sourcecode.swift; path = CameraView.swift; sourceTree = "<group>"; };
		3AD2289907FA87D44980941C /* Pods-Philanthrofeed-PhilanthrofeedUITests.release.xcconfig */ = {isa = PBXFileReference; includeInIndex = 1; lastKnownFileType = text.xcconfig; name = "Pods-Philanthrofeed-PhilanthrofeedUITests.release.xcconfig"; path = "Target Support Files/Pods-Philanthrofeed-PhilanthrofeedUITests/Pods-Philanthrofeed-PhilanthrofeedUITests.release.xcconfig"; sourceTree = "<group>"; };
		402EE8472FB46FF5F62C9468 /* Pods-PhilanthrofeedTests.release.xcconfig */ = {isa = PBXFileReference; includeInIndex = 1; lastKnownFileType = text.xcconfig; name = "Pods-PhilanthrofeedTests.release.xcconfig"; path = "Target Support Files/Pods-PhilanthrofeedTests/Pods-PhilanthrofeedTests.release.xcconfig"; sourceTree = "<group>"; };
		538FF500CF115DFC989282F8 /* Pods_PhilanthrofeedTests.framework */ = {isa = PBXFileReference; explicitFileType = wrapper.framework; includeInIndex = 0; path = Pods_PhilanthrofeedTests.framework; sourceTree = BUILT_PRODUCTS_DIR; };
		729DFD101EA837182AB0E2BB /* Pods-PhilanthrofeedTests.debug.xcconfig */ = {isa = PBXFileReference; includeInIndex = 1; lastKnownFileType = text.xcconfig; name = "Pods-PhilanthrofeedTests.debug.xcconfig"; path = "Target Support Files/Pods-PhilanthrofeedTests/Pods-PhilanthrofeedTests.debug.xcconfig"; sourceTree = "<group>"; };
		B0CE2418DB5D9DC0CF257AE4 /* Pods_Philanthrofeed.framework */ = {isa = PBXFileReference; explicitFileType = wrapper.framework; includeInIndex = 0; path = Pods_Philanthrofeed.framework; sourceTree = BUILT_PRODUCTS_DIR; };
		D0678604924CF2998249BB1D /* Pods-Philanthrofeed.release.xcconfig */ = {isa = PBXFileReference; includeInIndex = 1; lastKnownFileType = text.xcconfig; name = "Pods-Philanthrofeed.release.xcconfig"; path = "Target Support Files/Pods-Philanthrofeed/Pods-Philanthrofeed.release.xcconfig"; sourceTree = "<group>"; };
		D5F13A871ABE2791D7351DB3 /* Pods-Philanthrofeed-PhilanthrofeedUITests.debug.xcconfig */ = {isa = PBXFileReference; includeInIndex = 1; lastKnownFileType = text.xcconfig; name = "Pods-Philanthrofeed-PhilanthrofeedUITests.debug.xcconfig"; path = "Target Support Files/Pods-Philanthrofeed-PhilanthrofeedUITests/Pods-Philanthrofeed-PhilanthrofeedUITests.debug.xcconfig"; sourceTree = "<group>"; };
		E4F92681B664A1C59CF09B98 /* Pods_Philanthrofeed_PhilanthrofeedUITests.framework */ = {isa = PBXFileReference; explicitFileType = wrapper.framework; includeInIndex = 0; path = Pods_Philanthrofeed_PhilanthrofeedUITests.framework; sourceTree = BUILT_PRODUCTS_DIR; };
/* End PBXFileReference section */

/* Begin PBXFrameworksBuildPhase section */
		15536E4C27F4FAB200D6707A /* Frameworks */ = {
			isa = PBXFrameworksBuildPhase;
			buildActionMask = 2147483647;
			files = (
				4E2CE862AF0224448BEACEFE /* Pods_Philanthrofeed.framework in Frameworks */,
			);
			runOnlyForDeploymentPostprocessing = 0;
		};
		15536E5C27F4FAB400D6707A /* Frameworks */ = {
			isa = PBXFrameworksBuildPhase;
			buildActionMask = 2147483647;
			files = (
				8E70F312CAC8D4C46BDBE88B /* Pods_PhilanthrofeedTests.framework in Frameworks */,
			);
			runOnlyForDeploymentPostprocessing = 0;
		};
		15536E6627F4FAB400D6707A /* Frameworks */ = {
			isa = PBXFrameworksBuildPhase;
			buildActionMask = 2147483647;
			files = (
				DD3A81560C6627F6B83FDC65 /* Pods_Philanthrofeed_PhilanthrofeedUITests.framework in Frameworks */,
			);
			runOnlyForDeploymentPostprocessing = 0;
		};
/* End PBXFrameworksBuildPhase section */

/* Begin PBXGroup section */
		15536E4627F4FAB200D6707A = {
			isa = PBXGroup;
			children = (
				15536E5127F4FAB200D6707A /* Philanthrofeed */,
				15536E6227F4FAB400D6707A /* PhilanthrofeedTests */,
				15536E6C27F4FAB400D6707A /* PhilanthrofeedUITests */,
				15536E5027F4FAB200D6707A /* Products */,
				ABE9E874566315CFDE429FF5 /* Pods */,
				56150757F22B154AAC3BC7FD /* Frameworks */,
			);
			sourceTree = "<group>";
		};
		15536E5027F4FAB200D6707A /* Products */ = {
			isa = PBXGroup;
			children = (
				15536E4F27F4FAB200D6707A /* Philanthrofeed.app */,
				15536E5F27F4FAB400D6707A /* PhilanthrofeedTests.xctest */,
				15536E6927F4FAB400D6707A /* PhilanthrofeedUITests.xctest */,
			);
			name = Products;
			sourceTree = "<group>";
		};
		15536E5127F4FAB200D6707A /* Philanthrofeed */ = {
			isa = PBXGroup;
			children = (
				15536E5227F4FAB200D6707A /* PhilanthrofeedApp.swift */,
				15536E5427F4FAB200D6707A /* ContentView.swift */,
				15A8D9E027F5487C00573AE2 /* LoginView.swift */,
				31645D4F28020BE400A219B4 /* FeedView.swift */,
				31645D512802127E00A219B4 /* ProfileView.swift */,
				31645D53280212DA00A219B4 /* CameraView.swift */,
				15536E5627F4FAB400D6707A /* Assets.xcassets */,
				15536E5827F4FAB400D6707A /* Preview Content */,
			);
			path = Philanthrofeed;
			sourceTree = "<group>";
		};
		15536E5827F4FAB400D6707A /* Preview Content */ = {
			isa = PBXGroup;
			children = (
				15536E5927F4FAB400D6707A /* Preview Assets.xcassets */,
			);
			path = "Preview Content";
			sourceTree = "<group>";
		};
		15536E6227F4FAB400D6707A /* PhilanthrofeedTests */ = {
			isa = PBXGroup;
			children = (
				15536E6327F4FAB400D6707A /* PhilanthrofeedTests.swift */,
			);
			path = PhilanthrofeedTests;
			sourceTree = "<group>";
		};
		15536E6C27F4FAB400D6707A /* PhilanthrofeedUITests */ = {
			isa = PBXGroup;
			children = (
				15536E6D27F4FAB400D6707A /* PhilanthrofeedUITests.swift */,
				15536E6F27F4FAB400D6707A /* PhilanthrofeedUITestsLaunchTests.swift */,
			);
			path = PhilanthrofeedUITests;
			sourceTree = "<group>";
		};
		56150757F22B154AAC3BC7FD /* Frameworks */ = {
			isa = PBXGroup;
			children = (
				B0CE2418DB5D9DC0CF257AE4 /* Pods_Philanthrofeed.framework */,
				E4F92681B664A1C59CF09B98 /* Pods_Philanthrofeed_PhilanthrofeedUITests.framework */,
				538FF500CF115DFC989282F8 /* Pods_PhilanthrofeedTests.framework */,
			);
			name = Frameworks;
			sourceTree = "<group>";
		};
		ABE9E874566315CFDE429FF5 /* Pods */ = {
			isa = PBXGroup;
			children = (
				116939CBDEFAC8680B523007 /* Pods-Philanthrofeed.debug.xcconfig */,
				D0678604924CF2998249BB1D /* Pods-Philanthrofeed.release.xcconfig */,
				D5F13A871ABE2791D7351DB3 /* Pods-Philanthrofeed-PhilanthrofeedUITests.debug.xcconfig */,
				3AD2289907FA87D44980941C /* Pods-Philanthrofeed-PhilanthrofeedUITests.release.xcconfig */,
				729DFD101EA837182AB0E2BB /* Pods-PhilanthrofeedTests.debug.xcconfig */,
				402EE8472FB46FF5F62C9468 /* Pods-PhilanthrofeedTests.release.xcconfig */,
			);
			path = Pods;
			sourceTree = "<group>";
		};
/* End PBXGroup section */

/* Begin PBXNativeTarget section */
		15536E4E27F4FAB200D6707A /* Philanthrofeed */ = {
			isa = PBXNativeTarget;
			buildConfigurationList = 15536E7327F4FAB500D6707A /* Build configuration list for PBXNativeTarget "Philanthrofeed" */;
			buildPhases = (
				AB139A23BAC19496A22D4F78 /* [CP] Check Pods Manifest.lock */,
				15536E4B27F4FAB200D6707A /* Sources */,
				15536E4C27F4FAB200D6707A /* Frameworks */,
				15536E4D27F4FAB200D6707A /* Resources */,
				9AC458113C5DB3E9EB103DCA /* [CP] Embed Pods Frameworks */,
			);
			buildRules = (
			);
			dependencies = (
			);
			name = Philanthrofeed;
			productName = Philanthrofeed;
			productReference = 15536E4F27F4FAB200D6707A /* Philanthrofeed.app */;
			productType = "com.apple.product-type.application";
		};
		15536E5E27F4FAB400D6707A /* PhilanthrofeedTests */ = {
			isa = PBXNativeTarget;
			buildConfigurationList = 15536E7627F4FAB500D6707A /* Build configuration list for PBXNativeTarget "PhilanthrofeedTests" */;
			buildPhases = (
				F998C02EF8C944A8B9BFD7EA /* [CP] Check Pods Manifest.lock */,
				15536E5B27F4FAB400D6707A /* Sources */,
				15536E5C27F4FAB400D6707A /* Frameworks */,
				15536E5D27F4FAB400D6707A /* Resources */,
			);
			buildRules = (
			);
			dependencies = (
				15536E6127F4FAB400D6707A /* PBXTargetDependency */,
			);
			name = PhilanthrofeedTests;
			productName = PhilanthrofeedTests;
			productReference = 15536E5F27F4FAB400D6707A /* PhilanthrofeedTests.xctest */;
			productType = "com.apple.product-type.bundle.unit-test";
		};
		15536E6827F4FAB400D6707A /* PhilanthrofeedUITests */ = {
			isa = PBXNativeTarget;
			buildConfigurationList = 15536E7927F4FAB500D6707A /* Build configuration list for PBXNativeTarget "PhilanthrofeedUITests" */;
			buildPhases = (
				37A49A6CA79AAFA0D85A4ED3 /* [CP] Check Pods Manifest.lock */,
				15536E6527F4FAB400D6707A /* Sources */,
				15536E6627F4FAB400D6707A /* Frameworks */,
				15536E6727F4FAB400D6707A /* Resources */,
				9D74BE9F961D7D45A9194BB7 /* [CP] Embed Pods Frameworks */,
			);
			buildRules = (
			);
			dependencies = (
				15536E6B27F4FAB400D6707A /* PBXTargetDependency */,
			);
			name = PhilanthrofeedUITests;
			productName = PhilanthrofeedUITests;
			productReference = 15536E6927F4FAB400D6707A /* PhilanthrofeedUITests.xctest */;
			productType = "com.apple.product-type.bundle.ui-testing";
		};
/* End PBXNativeTarget section */

/* Begin PBXProject section */
		15536E4727F4FAB200D6707A /* Project object */ = {
			isa = PBXProject;
			attributes = {
				BuildIndependentTargetsInParallel = 1;
				LastSwiftUpdateCheck = 1320;
				LastUpgradeCheck = 1320;
				TargetAttributes = {
					15536E4E27F4FAB200D6707A = {
						CreatedOnToolsVersion = 13.2.1;
					};
					15536E5E27F4FAB400D6707A = {
						CreatedOnToolsVersion = 13.2.1;
						TestTargetID = 15536E4E27F4FAB200D6707A;
					};
					15536E6827F4FAB400D6707A = {
						CreatedOnToolsVersion = 13.2.1;
						TestTargetID = 15536E4E27F4FAB200D6707A;
					};
				};
			};
			buildConfigurationList = 15536E4A27F4FAB200D6707A /* Build configuration list for PBXProject "Philanthrofeed" */;
			compatibilityVersion = "Xcode 13.0";
			developmentRegion = en;
			hasScannedForEncodings = 0;
			knownRegions = (
				en,
				Base,
			);
			mainGroup = 15536E4627F4FAB200D6707A;
			productRefGroup = 15536E5027F4FAB200D6707A /* Products */;
			projectDirPath = "";
			projectRoot = "";
			targets = (
				15536E4E27F4FAB200D6707A /* Philanthrofeed */,
				15536E5E27F4FAB400D6707A /* PhilanthrofeedTests */,
				15536E6827F4FAB400D6707A /* PhilanthrofeedUITests */,
			);
		};
/* End PBXProject section */

/* Begin PBXResourcesBuildPhase section */
		15536E4D27F4FAB200D6707A /* Resources */ = {
			isa = PBXResourcesBuildPhase;
			buildActionMask = 2147483647;
			files = (
				15536E5A27F4FAB400D6707A /* Preview Assets.xcassets in Resources */,
				15536E5727F4FAB400D6707A /* Assets.xcassets in Resources */,
			);
			runOnlyForDeploymentPostprocessing = 0;
		};
		15536E5D27F4FAB400D6707A /* Resources */ = {
			isa = PBXResourcesBuildPhase;
			buildActionMask = 2147483647;
			files = (
			);
			runOnlyForDeploymentPostprocessing = 0;
		};
		15536E6727F4FAB400D6707A /* Resources */ = {
			isa = PBXResourcesBuildPhase;
			buildActionMask = 2147483647;
			files = (
			);
			runOnlyForDeploymentPostprocessing = 0;
		};
/* End PBXResourcesBuildPhase section */

/* Begin PBXShellScriptBuildPhase section */
		37A49A6CA79AAFA0D85A4ED3 /* [CP] Check Pods Manifest.lock */ = {
			isa = PBXShellScriptBuildPhase;
			buildActionMask = 2147483647;
			files = (
			);
			inputFileListPaths = (
			);
			inputPaths = (
				"${PODS_PODFILE_DIR_PATH}/Podfile.lock",
				"${PODS_ROOT}/Manifest.lock",
			);
			name = "[CP] Check Pods Manifest.lock";
			outputFileListPaths = (
			);
			outputPaths = (
				"$(DERIVED_FILE_DIR)/Pods-Philanthrofeed-PhilanthrofeedUITests-checkManifestLockResult.txt",
			);
			runOnlyForDeploymentPostprocessing = 0;
			shellPath = /bin/sh;
			shellScript = "diff \"${PODS_PODFILE_DIR_PATH}/Podfile.lock\" \"${PODS_ROOT}/Manifest.lock\" > /dev/null\nif [ $? != 0 ] ; then\n    # print error to STDERR\n    echo \"error: The sandbox is not in sync with the Podfile.lock. Run 'pod install' or update your CocoaPods installation.\" >&2\n    exit 1\nfi\n# This output is used by Xcode 'outputs' to avoid re-running this script phase.\necho \"SUCCESS\" > \"${SCRIPT_OUTPUT_FILE_0}\"\n";
			showEnvVarsInLog = 0;
		};
		9AC458113C5DB3E9EB103DCA /* [CP] Embed Pods Frameworks */ = {
			isa = PBXShellScriptBuildPhase;
			buildActionMask = 2147483647;
			files = (
			);
			inputFileListPaths = (
				"${PODS_ROOT}/Target Support Files/Pods-Philanthrofeed/Pods-Philanthrofeed-frameworks-${CONFIGURATION}-input-files.xcfilelist",
			);
			name = "[CP] Embed Pods Frameworks";
			outputFileListPaths = (
				"${PODS_ROOT}/Target Support Files/Pods-Philanthrofeed/Pods-Philanthrofeed-frameworks-${CONFIGURATION}-output-files.xcfilelist",
			);
			runOnlyForDeploymentPostprocessing = 0;
			shellPath = /bin/sh;
			shellScript = "\"${PODS_ROOT}/Target Support Files/Pods-Philanthrofeed/Pods-Philanthrofeed-frameworks.sh\"\n";
			showEnvVarsInLog = 0;
		};
		9D74BE9F961D7D45A9194BB7 /* [CP] Embed Pods Frameworks */ = {
			isa = PBXShellScriptBuildPhase;
			buildActionMask = 2147483647;
			files = (
			);
			inputFileListPaths = (
				"${PODS_ROOT}/Target Support Files/Pods-Philanthrofeed-PhilanthrofeedUITests/Pods-Philanthrofeed-PhilanthrofeedUITests-frameworks-${CONFIGURATION}-input-files.xcfilelist",
			);
			name = "[CP] Embed Pods Frameworks";
			outputFileListPaths = (
				"${PODS_ROOT}/Target Support Files/Pods-Philanthrofeed-PhilanthrofeedUITests/Pods-Philanthrofeed-PhilanthrofeedUITests-frameworks-${CONFIGURATION}-output-files.xcfilelist",
			);
			runOnlyForDeploymentPostprocessing = 0;
			shellPath = /bin/sh;
			shellScript = "\"${PODS_ROOT}/Target Support Files/Pods-Philanthrofeed-PhilanthrofeedUITests/Pods-Philanthrofeed-PhilanthrofeedUITests-frameworks.sh\"\n";
			showEnvVarsInLog = 0;
		};
		AB139A23BAC19496A22D4F78 /* [CP] Check Pods Manifest.lock */ = {
			isa = PBXShellScriptBuildPhase;
			buildActionMask = 2147483647;
			files = (
			);
			inputFileListPaths = (
			);
			inputPaths = (
				"${PODS_PODFILE_DIR_PATH}/Podfile.lock",
				"${PODS_ROOT}/Manifest.lock",
			);
			name = "[CP] Check Pods Manifest.lock";
			outputFileListPaths = (
			);
			outputPaths = (
				"$(DERIVED_FILE_DIR)/Pods-Philanthrofeed-checkManifestLockResult.txt",
			);
			runOnlyForDeploymentPostprocessing = 0;
			shellPath = /bin/sh;
			shellScript = "diff \"${PODS_PODFILE_DIR_PATH}/Podfile.lock\" \"${PODS_ROOT}/Manifest.lock\" > /dev/null\nif [ $? != 0 ] ; then\n    # print error to STDERR\n    echo \"error: The sandbox is not in sync with the Podfile.lock. Run 'pod install' or update your CocoaPods installation.\" >&2\n    exit 1\nfi\n# This output is used by Xcode 'outputs' to avoid re-running this script phase.\necho \"SUCCESS\" > \"${SCRIPT_OUTPUT_FILE_0}\"\n";
			showEnvVarsInLog = 0;
		};
		F998C02EF8C944A8B9BFD7EA /* [CP] Check Pods Manifest.lock */ = {
			isa = PBXShellScriptBuildPhase;
			buildActionMask = 2147483647;
			files = (
			);
			inputFileListPaths = (
			);
			inputPaths = (
				"${PODS_PODFILE_DIR_PATH}/Podfile.lock",
				"${PODS_ROOT}/Manifest.lock",
			);
			name = "[CP] Check Pods Manifest.lock";
			outputFileListPaths = (
			);
			outputPaths = (
				"$(DERIVED_FILE_DIR)/Pods-PhilanthrofeedTests-checkManifestLockResult.txt",
			);
			runOnlyForDeploymentPostprocessing = 0;
			shellPath = /bin/sh;
			shellScript = "diff \"${PODS_PODFILE_DIR_PATH}/Podfile.lock\" \"${PODS_ROOT}/Manifest.lock\" > /dev/null\nif [ $? != 0 ] ; then\n    # print error to STDERR\n    echo \"error: The sandbox is not in sync with the Podfile.lock. Run 'pod install' or update your CocoaPods installation.\" >&2\n    exit 1\nfi\n# This output is used by Xcode 'outputs' to avoid re-running this script phase.\necho \"SUCCESS\" > \"${SCRIPT_OUTPUT_FILE_0}\"\n";
			showEnvVarsInLog = 0;
		};
/* End PBXShellScriptBuildPhase section */

/* Begin PBXSourcesBuildPhase section */
		15536E4B27F4FAB200D6707A /* Sources */ = {
			isa = PBXSourcesBuildPhase;
			buildActionMask = 2147483647;
			files = (
				31645D522802127E00A219B4 /* ProfileView.swift in Sources */,
				31645D5028020BE400A219B4 /* FeedView.swift in Sources */,
				15A8D9E127F5487D00573AE2 /* LoginView.swift in Sources */,
				31645D54280212DA00A219B4 /* CameraView.swift in Sources */,
				15536E5527F4FAB200D6707A /* ContentView.swift in Sources */,
				15536E5327F4FAB200D6707A /* PhilanthrofeedApp.swift in Sources */,
			);
			runOnlyForDeploymentPostprocessing = 0;
		};
		15536E5B27F4FAB400D6707A /* Sources */ = {
			isa = PBXSourcesBuildPhase;
			buildActionMask = 2147483647;
			files = (
				15536E6427F4FAB400D6707A /* PhilanthrofeedTests.swift in Sources */,
			);
			runOnlyForDeploymentPostprocessing = 0;
		};
		15536E6527F4FAB400D6707A /* Sources */ = {
			isa = PBXSourcesBuildPhase;
			buildActionMask = 2147483647;
			files = (
				15536E6E27F4FAB400D6707A /* PhilanthrofeedUITests.swift in Sources */,
				15536E7027F4FAB400D6707A /* PhilanthrofeedUITestsLaunchTests.swift in Sources */,
			);
			runOnlyForDeploymentPostprocessing = 0;
		};
/* End PBXSourcesBuildPhase section */

/* Begin PBXTargetDependency section */
		15536E6127F4FAB400D6707A /* PBXTargetDependency */ = {
			isa = PBXTargetDependency;
			target = 15536E4E27F4FAB200D6707A /* Philanthrofeed */;
			targetProxy = 15536E6027F4FAB400D6707A /* PBXContainerItemProxy */;
		};
		15536E6B27F4FAB400D6707A /* PBXTargetDependency */ = {
			isa = PBXTargetDependency;
			target = 15536E4E27F4FAB200D6707A /* Philanthrofeed */;
			targetProxy = 15536E6A27F4FAB400D6707A /* PBXContainerItemProxy */;
		};
/* End PBXTargetDependency section */

/* Begin XCBuildConfiguration section */
		15536E7127F4FAB500D6707A /* Debug */ = {
			isa = XCBuildConfiguration;
			buildSettings = {
				ALWAYS_SEARCH_USER_PATHS = NO;
				CLANG_ANALYZER_NONNULL = YES;
				CLANG_ANALYZER_NUMBER_OBJECT_CONVERSION = YES_AGGRESSIVE;
				CLANG_CXX_LANGUAGE_STANDARD = "gnu++17";
				CLANG_CXX_LIBRARY = "libc++";
				CLANG_ENABLE_MODULES = YES;
				CLANG_ENABLE_OBJC_ARC = YES;
				CLANG_ENABLE_OBJC_WEAK = YES;
				CLANG_WARN_BLOCK_CAPTURE_AUTORELEASING = YES;
				CLANG_WARN_BOOL_CONVERSION = YES;
				CLANG_WARN_COMMA = YES;
				CLANG_WARN_CONSTANT_CONVERSION = YES;
				CLANG_WARN_DEPRECATED_OBJC_IMPLEMENTATIONS = YES;
				CLANG_WARN_DIRECT_OBJC_ISA_USAGE = YES_ERROR;
				CLANG_WARN_DOCUMENTATION_COMMENTS = YES;
				CLANG_WARN_EMPTY_BODY = YES;
				CLANG_WARN_ENUM_CONVERSION = YES;
				CLANG_WARN_INFINITE_RECURSION = YES;
				CLANG_WARN_INT_CONVERSION = YES;
				CLANG_WARN_NON_LITERAL_NULL_CONVERSION = YES;
				CLANG_WARN_OBJC_IMPLICIT_RETAIN_SELF = YES;
				CLANG_WARN_OBJC_LITERAL_CONVERSION = YES;
				CLANG_WARN_OBJC_ROOT_CLASS = YES_ERROR;
				CLANG_WARN_QUOTED_INCLUDE_IN_FRAMEWORK_HEADER = YES;
				CLANG_WARN_RANGE_LOOP_ANALYSIS = YES;
				CLANG_WARN_STRICT_PROTOTYPES = YES;
				CLANG_WARN_SUSPICIOUS_MOVE = YES;
				CLANG_WARN_UNGUARDED_AVAILABILITY = YES_AGGRESSIVE;
				CLANG_WARN_UNREACHABLE_CODE = YES;
				CLANG_WARN__DUPLICATE_METHOD_MATCH = YES;
				COPY_PHASE_STRIP = NO;
				DEBUG_INFORMATION_FORMAT = dwarf;
				ENABLE_STRICT_OBJC_MSGSEND = YES;
				ENABLE_TESTABILITY = YES;
				GCC_C_LANGUAGE_STANDARD = gnu11;
				GCC_DYNAMIC_NO_PIC = NO;
				GCC_NO_COMMON_BLOCKS = YES;
				GCC_OPTIMIZATION_LEVEL = 0;
				GCC_PREPROCESSOR_DEFINITIONS = (
					"DEBUG=1",
					"$(inherited)",
				);
				GCC_WARN_64_TO_32_BIT_CONVERSION = YES;
				GCC_WARN_ABOUT_RETURN_TYPE = YES_ERROR;
				GCC_WARN_UNDECLARED_SELECTOR = YES;
				GCC_WARN_UNINITIALIZED_AUTOS = YES_AGGRESSIVE;
				GCC_WARN_UNUSED_FUNCTION = YES;
				GCC_WARN_UNUSED_VARIABLE = YES;
				IPHONEOS_DEPLOYMENT_TARGET = 15.2;
				MTL_ENABLE_DEBUG_INFO = INCLUDE_SOURCE;
				MTL_FAST_MATH = YES;
				ONLY_ACTIVE_ARCH = YES;
				SDKROOT = iphoneos;
				SWIFT_ACTIVE_COMPILATION_CONDITIONS = DEBUG;
				SWIFT_OPTIMIZATION_LEVEL = "-Onone";
			};
			name = Debug;
		};
		15536E7227F4FAB500D6707A /* Release */ = {
			isa = XCBuildConfiguration;
			buildSettings = {
				ALWAYS_SEARCH_USER_PATHS = NO;
				CLANG_ANALYZER_NONNULL = YES;
				CLANG_ANALYZER_NUMBER_OBJECT_CONVERSION = YES_AGGRESSIVE;
				CLANG_CXX_LANGUAGE_STANDARD = "gnu++17";
				CLANG_CXX_LIBRARY = "libc++";
				CLANG_ENABLE_MODULES = YES;
				CLANG_ENABLE_OBJC_ARC = YES;
				CLANG_ENABLE_OBJC_WEAK = YES;
				CLANG_WARN_BLOCK_CAPTURE_AUTORELEASING = YES;
				CLANG_WARN_BOOL_CONVERSION = YES;
				CLANG_WARN_COMMA = YES;
				CLANG_WARN_CONSTANT_CONVERSION = YES;
				CLANG_WARN_DEPRECATED_OBJC_IMPLEMENTATIONS = YES;
				CLANG_WARN_DIRECT_OBJC_ISA_USAGE = YES_ERROR;
				CLANG_WARN_DOCUMENTATION_COMMENTS = YES;
				CLANG_WARN_EMPTY_BODY = YES;
				CLANG_WARN_ENUM_CONVERSION = YES;
				CLANG_WARN_INFINITE_RECURSION = YES;
				CLANG_WARN_INT_CONVERSION = YES;
				CLANG_WARN_NON_LITERAL_NULL_CONVERSION = YES;
				CLANG_WARN_OBJC_IMPLICIT_RETAIN_SELF = YES;
				CLANG_WARN_OBJC_LITERAL_CONVERSION = YES;
				CLANG_WARN_OBJC_ROOT_CLASS = YES_ERROR;
				CLANG_WARN_QUOTED_INCLUDE_IN_FRAMEWORK_HEADER = YES;
				CLANG_WARN_RANGE_LOOP_ANALYSIS = YES;
				CLANG_WARN_STRICT_PROTOTYPES = YES;
				CLANG_WARN_SUSPICIOUS_MOVE = YES;
				CLANG_WARN_UNGUARDED_AVAILABILITY = YES_AGGRESSIVE;
				CLANG_WARN_UNREACHABLE_CODE = YES;
				CLANG_WARN__DUPLICATE_METHOD_MATCH = YES;
				COPY_PHASE_STRIP = NO;
				DEBUG_INFORMATION_FORMAT = "dwarf-with-dsym";
				ENABLE_NS_ASSERTIONS = NO;
				ENABLE_STRICT_OBJC_MSGSEND = YES;
				GCC_C_LANGUAGE_STANDARD = gnu11;
				GCC_NO_COMMON_BLOCKS = YES;
				GCC_WARN_64_TO_32_BIT_CONVERSION = YES;
				GCC_WARN_ABOUT_RETURN_TYPE = YES_ERROR;
				GCC_WARN_UNDECLARED_SELECTOR = YES;
				GCC_WARN_UNINITIALIZED_AUTOS = YES_AGGRESSIVE;
				GCC_WARN_UNUSED_FUNCTION = YES;
				GCC_WARN_UNUSED_VARIABLE = YES;
				IPHONEOS_DEPLOYMENT_TARGET = 15.2;
				MTL_ENABLE_DEBUG_INFO = NO;
				MTL_FAST_MATH = YES;
				SDKROOT = iphoneos;
				SWIFT_COMPILATION_MODE = wholemodule;
				SWIFT_OPTIMIZATION_LEVEL = "-O";
				VALIDATE_PRODUCT = YES;
			};
			name = Release;
		};
		15536E7427F4FAB500D6707A /* Debug */ = {
			isa = XCBuildConfiguration;
			baseConfigurationReference = 116939CBDEFAC8680B523007 /* Pods-Philanthrofeed.debug.xcconfig */;
			buildSettings = {
				ASSETCATALOG_COMPILER_APPICON_NAME = AppIcon;
				ASSETCATALOG_COMPILER_GLOBAL_ACCENT_COLOR_NAME = AccentColor;
				CODE_SIGN_STYLE = Automatic;
				CURRENT_PROJECT_VERSION = 1;
				DEVELOPMENT_ASSET_PATHS = "\"Philanthrofeed/Preview Content\"";
				DEVELOPMENT_TEAM = F748U6T7V8;
				ENABLE_PREVIEWS = YES;
				GENERATE_INFOPLIST_FILE = YES;
				INFOPLIST_KEY_UIApplicationSceneManifest_Generation = YES;
				INFOPLIST_KEY_UIApplicationSupportsIndirectInputEvents = YES;
				INFOPLIST_KEY_UILaunchScreen_Generation = YES;
				INFOPLIST_KEY_UISupportedInterfaceOrientations_iPad = "UIInterfaceOrientationPortrait UIInterfaceOrientationPortraitUpsideDown UIInterfaceOrientationLandscapeLeft UIInterfaceOrientationLandscapeRight";
				INFOPLIST_KEY_UISupportedInterfaceOrientations_iPhone = "UIInterfaceOrientationPortrait UIInterfaceOrientationLandscapeLeft UIInterfaceOrientationLandscapeRight";
				LD_RUNPATH_SEARCH_PATHS = (
					"$(inherited)",
					"@executable_path/Frameworks",
				);
				MARKETING_VERSION = 1.0;
				PRODUCT_BUNDLE_IDENTIFIER = com.JasonBodzy.Philanthrofeed;
				PRODUCT_NAME = "$(TARGET_NAME)";
				SWIFT_EMIT_LOC_STRINGS = YES;
				SWIFT_VERSION = 5.0;
				TARGETED_DEVICE_FAMILY = "1,2";
			};
			name = Debug;
		};
		15536E7527F4FAB500D6707A /* Release */ = {
			isa = XCBuildConfiguration;
			baseConfigurationReference = D0678604924CF2998249BB1D /* Pods-Philanthrofeed.release.xcconfig */;
			buildSettings = {
				ASSETCATALOG_COMPILER_APPICON_NAME = AppIcon;
				ASSETCATALOG_COMPILER_GLOBAL_ACCENT_COLOR_NAME = AccentColor;
				CODE_SIGN_STYLE = Automatic;
				CURRENT_PROJECT_VERSION = 1;
				DEVELOPMENT_ASSET_PATHS = "\"Philanthrofeed/Preview Content\"";
				DEVELOPMENT_TEAM = F748U6T7V8;
				ENABLE_PREVIEWS = YES;
				GENERATE_INFOPLIST_FILE = YES;
				INFOPLIST_KEY_UIApplicationSceneManifest_Generation = YES;
				INFOPLIST_KEY_UIApplicationSupportsIndirectInputEvents = YES;
				INFOPLIST_KEY_UILaunchScreen_Generation = YES;
				INFOPLIST_KEY_UISupportedInterfaceOrientations_iPad = "UIInterfaceOrientationPortrait UIInterfaceOrientationPortraitUpsideDown UIInterfaceOrientationLandscapeLeft UIInterfaceOrientationLandscapeRight";
				INFOPLIST_KEY_UISupportedInterfaceOrientations_iPhone = "UIInterfaceOrientationPortrait UIInterfaceOrientationLandscapeLeft UIInterfaceOrientationLandscapeRight";
				LD_RUNPATH_SEARCH_PATHS = (
					"$(inherited)",
					"@executable_path/Frameworks",
				);
				MARKETING_VERSION = 1.0;
				PRODUCT_BUNDLE_IDENTIFIER = com.JasonBodzy.Philanthrofeed;
				PRODUCT_NAME = "$(TARGET_NAME)";
				SWIFT_EMIT_LOC_STRINGS = YES;
				SWIFT_VERSION = 5.0;
				TARGETED_DEVICE_FAMILY = "1,2";
			};
			name = Release;
		};
		15536E7727F4FAB500D6707A /* Debug */ = {
			isa = XCBuildConfiguration;
			baseConfigurationReference = 729DFD101EA837182AB0E2BB /* Pods-PhilanthrofeedTests.debug.xcconfig */;
			buildSettings = {
				ALWAYS_EMBED_SWIFT_STANDARD_LIBRARIES = YES;
				BUNDLE_LOADER = "$(TEST_HOST)";
				CODE_SIGN_STYLE = Automatic;
				CURRENT_PROJECT_VERSION = 1;
				DEVELOPMENT_TEAM = F748U6T7V8;
				GENERATE_INFOPLIST_FILE = YES;
				IPHONEOS_DEPLOYMENT_TARGET = 15.2;
				MARKETING_VERSION = 1.0;
				PRODUCT_BUNDLE_IDENTIFIER = com.JasonBodzy.PhilanthrofeedTests;
				PRODUCT_NAME = "$(TARGET_NAME)";
				SWIFT_EMIT_LOC_STRINGS = NO;
				SWIFT_VERSION = 5.0;
				TARGETED_DEVICE_FAMILY = "1,2";
				TEST_HOST = "$(BUILT_PRODUCTS_DIR)/Philanthrofeed.app/Philanthrofeed";
			};
			name = Debug;
		};
		15536E7827F4FAB500D6707A /* Release */ = {
			isa = XCBuildConfiguration;
			baseConfigurationReference = 402EE8472FB46FF5F62C9468 /* Pods-PhilanthrofeedTests.release.xcconfig */;
			buildSettings = {
				ALWAYS_EMBED_SWIFT_STANDARD_LIBRARIES = YES;
				BUNDLE_LOADER = "$(TEST_HOST)";
				CODE_SIGN_STYLE = Automatic;
				CURRENT_PROJECT_VERSION = 1;
				DEVELOPMENT_TEAM = F748U6T7V8;
				GENERATE_INFOPLIST_FILE = YES;
				IPHONEOS_DEPLOYMENT_TARGET = 15.2;
				MARKETING_VERSION = 1.0;
				PRODUCT_BUNDLE_IDENTIFIER = com.JasonBodzy.PhilanthrofeedTests;
				PRODUCT_NAME = "$(TARGET_NAME)";
				SWIFT_EMIT_LOC_STRINGS = NO;
				SWIFT_VERSION = 5.0;
				TARGETED_DEVICE_FAMILY = "1,2";
				TEST_HOST = "$(BUILT_PRODUCTS_DIR)/Philanthrofeed.app/Philanthrofeed";
			};
			name = Release;
		};
		15536E7A27F4FAB500D6707A /* Debug */ = {
			isa = XCBuildConfiguration;
			baseConfigurationReference = D5F13A871ABE2791D7351DB3 /* Pods-Philanthrofeed-PhilanthrofeedUITests.debug.xcconfig */;
			buildSettings = {
				ALWAYS_EMBED_SWIFT_STANDARD_LIBRARIES = YES;
				CODE_SIGN_STYLE = Automatic;
				CURRENT_PROJECT_VERSION = 1;
				DEVELOPMENT_TEAM = F748U6T7V8;
				GENERATE_INFOPLIST_FILE = YES;
				MARKETING_VERSION = 1.0;
				PRODUCT_BUNDLE_IDENTIFIER = com.JasonBodzy.PhilanthrofeedUITests;
				PRODUCT_NAME = "$(TARGET_NAME)";
				SWIFT_EMIT_LOC_STRINGS = NO;
				SWIFT_VERSION = 5.0;
				TARGETED_DEVICE_FAMILY = "1,2";
				TEST_TARGET_NAME = Philanthrofeed;
			};
			name = Debug;
		};
		15536E7B27F4FAB500D6707A /* Release */ = {
			isa = XCBuildConfiguration;
			baseConfigurationReference = 3AD2289907FA87D44980941C /* Pods-Philanthrofeed-PhilanthrofeedUITests.release.xcconfig */;
			buildSettings = {
				ALWAYS_EMBED_SWIFT_STANDARD_LIBRARIES = YES;
				CODE_SIGN_STYLE = Automatic;
				CURRENT_PROJECT_VERSION = 1;
				DEVELOPMENT_TEAM = F748U6T7V8;
				GENERATE_INFOPLIST_FILE = YES;
				MARKETING_VERSION = 1.0;
				PRODUCT_BUNDLE_IDENTIFIER = com.JasonBodzy.PhilanthrofeedUITests;
				PRODUCT_NAME = "$(TARGET_NAME)";
				SWIFT_EMIT_LOC_STRINGS = NO;
				SWIFT_VERSION = 5.0;
				TARGETED_DEVICE_FAMILY = "1,2";
				TEST_TARGET_NAME = Philanthrofeed;
			};
			name = Release;
		};
/* End XCBuildConfiguration section */

/* Begin XCConfigurationList section */
		15536E4A27F4FAB200D6707A /* Build configuration list for PBXProject "Philanthrofeed" */ = {
			isa = XCConfigurationList;
			buildConfigurations = (
				15536E7127F4FAB500D6707A /* Debug */,
				15536E7227F4FAB500D6707A /* Release */,
			);
			defaultConfigurationIsVisible = 0;
			defaultConfigurationName = Release;
		};
		15536E7327F4FAB500D6707A /* Build configuration list for PBXNativeTarget "Philanthrofeed" */ = {
			isa = XCConfigurationList;
			buildConfigurations = (
				15536E7427F4FAB500D6707A /* Debug */,
				15536E7527F4FAB500D6707A /* Release */,
			);
			defaultConfigurationIsVisible = 0;
			defaultConfigurationName = Release;
		};
		15536E7627F4FAB500D6707A /* Build configuration list for PBXNativeTarget "PhilanthrofeedTests" */ = {
			isa = XCConfigurationList;
			buildConfigurations = (
				15536E7727F4FAB500D6707A /* Debug */,
				15536E7827F4FAB500D6707A /* Release */,
			);
			defaultConfigurationIsVisible = 0;
			defaultConfigurationName = Release;
		};
		15536E7927F4FAB500D6707A /* Build configuration list for PBXNativeTarget "PhilanthrofeedUITests" */ = {
			isa = XCConfigurationList;
			buildConfigurations = (
				15536E7A27F4FAB500D6707A /* Debug */,
				15536E7B27F4FAB500D6707A /* Release */,
			);
			defaultConfigurationIsVisible = 0;
			defaultConfigurationName = Release;
		};
/* End XCConfigurationList section */
	};
	rootObject = 15536E4727F4FAB200D6707A /* Project object */;
}
